// !$*UTF8*$!
{
	archiveVersion = 1;
	classes = {
	};
	objectVersion = 56;
	objects = {

/* Begin PBXBuildFile section */
		1D3572EA29D364C6005A52CD /* DateHolder.swift in Sources */ = {isa = PBXBuildFile; fileRef = 1D3572E929D364C6005A52CD /* DateHolder.swift */; };
		1D38EF2729D3505600BA9BAA /* FloatingButton.swift in Sources */ = {isa = PBXBuildFile; fileRef = 1D38EF2629D3505600BA9BAA /* FloatingButton.swift */; };
		1D38EF2A29D3511C00BA9BAA /* TaskEditView.swift in Sources */ = {isa = PBXBuildFile; fileRef = 1D38EF2929D3511C00BA9BAA /* TaskEditView.swift */; };
		1D5DA1F929D291E7007E07A4 /* PrayerBuddyApp.swift in Sources */ = {isa = PBXBuildFile; fileRef = 1D5DA1F829D291E7007E07A4 /* PrayerBuddyApp.swift */; };
		1D5DA1FB29D291E7007E07A4 /* Persistence.swift in Sources */ = {isa = PBXBuildFile; fileRef = 1D5DA1FA29D291E7007E07A4 /* Persistence.swift */; };
		1D5DA1FE29D291E7007E07A4 /* PrayerBuddy.xcdatamodeld in Sources */ = {isa = PBXBuildFile; fileRef = 1D5DA1FC29D291E7007E07A4 /* PrayerBuddy.xcdatamodeld */; };
		1D5DA20029D291E7007E07A4 /* TaskListView.swift in Sources */ = {isa = PBXBuildFile; fileRef = 1D5DA1FF29D291E7007E07A4 /* TaskListView.swift */; };
		1D5DA20229D291E8007E07A4 /* Assets.xcassets in Resources */ = {isa = PBXBuildFile; fileRef = 1D5DA20129D291E8007E07A4 /* Assets.xcassets */; };
		1D5DA20629D291E8007E07A4 /* Preview Assets.xcassets in Resources */ = {isa = PBXBuildFile; fileRef = 1D5DA20529D291E8007E07A4 /* Preview Assets.xcassets */; };
		1D7CCB9829D3EFF900C21C47 /* TaskCell.swift in Sources */ = {isa = PBXBuildFile; fileRef = 1D7CCB9729D3EFF900C21C47 /* TaskCell.swift */; };
		1D7CCB9A29D3F1D400C21C47 /* CheckBoxView.swift in Sources */ = {isa = PBXBuildFile; fileRef = 1D7CCB9929D3F1D400C21C47 /* CheckBoxView.swift */; };
		1D7CCB9D29D3F36700C21C47 /* TaskItemExtension.swift in Sources */ = {isa = PBXBuildFile; fileRef = 1D7CCB9C29D3F36700C21C47 /* TaskItemExtension.swift */; };
/* End PBXBuildFile section */

/* Begin PBXFileReference section */
		1D3572E929D364C6005A52CD /* DateHolder.swift */ = {isa = PBXFileReference; lastKnownFileType = sourcecode.swift; path = DateHolder.swift; sourceTree = "<group>"; };
		1D38EF2629D3505600BA9BAA /* FloatingButton.swift */ = {isa = PBXFileReference; lastKnownFileType = sourcecode.swift; path = FloatingButton.swift; sourceTree = "<group>"; };
		1D38EF2929D3511C00BA9BAA /* TaskEditView.swift */ = {isa = PBXFileReference; lastKnownFileType = sourcecode.swift; path = TaskEditView.swift; sourceTree = "<group>"; };
		1D5DA1F529D291E7007E07A4 /* PrayerBuddy.app */ = {isa = PBXFileReference; explicitFileType = wrapper.application; includeInIndex = 0; path = PrayerBuddy.app; sourceTree = BUILT_PRODUCTS_DIR; };
		1D5DA1F829D291E7007E07A4 /* PrayerBuddyApp.swift */ = {isa = PBXFileReference; lastKnownFileType = sourcecode.swift; path = PrayerBuddyApp.swift; sourceTree = "<group>"; };
		1D5DA1FA29D291E7007E07A4 /* Persistence.swift */ = {isa = PBXFileReference; lastKnownFileType = sourcecode.swift; path = Persistence.swift; sourceTree = "<group>"; };
		1D5DA1FD29D291E7007E07A4 /* PrayerBuddy.xcdatamodel */ = {isa = PBXFileReference; lastKnownFileType = wrapper.xcdatamodel; path = PrayerBuddy.xcdatamodel; sourceTree = "<group>"; };
		1D5DA1FF29D291E7007E07A4 /* TaskListView.swift */ = {isa = PBXFileReference; lastKnownFileType = sourcecode.swift; path = TaskListView.swift; sourceTree = "<group>"; };
		1D5DA20129D291E8007E07A4 /* Assets.xcassets */ = {isa = PBXFileReference; lastKnownFileType = folder.assetcatalog; path = Assets.xcassets; sourceTree = "<group>"; };
		1D5DA20329D291E8007E07A4 /* PrayerBuddy.entitlements */ = {isa = PBXFileReference; lastKnownFileType = text.plist.entitlements; path = PrayerBuddy.entitlements; sourceTree = "<group>"; };
		1D5DA20529D291E8007E07A4 /* Preview Assets.xcassets */ = {isa = PBXFileReference; lastKnownFileType = folder.assetcatalog; path = "Preview Assets.xcassets"; sourceTree = "<group>"; };
		1D7CCB9729D3EFF900C21C47 /* TaskCell.swift */ = {isa = PBXFileReference; lastKnownFileType = sourcecode.swift; path = TaskCell.swift; sourceTree = "<group>"; };
		1D7CCB9929D3F1D400C21C47 /* CheckBoxView.swift */ = {isa = PBXFileReference; lastKnownFileType = sourcecode.swift; path = CheckBoxView.swift; sourceTree = "<group>"; };
		1D7CCB9C29D3F36700C21C47 /* TaskItemExtension.swift */ = {isa = PBXFileReference; lastKnownFileType = sourcecode.swift; path = TaskItemExtension.swift; sourceTree = "<group>"; };
		1DE2490129D90FB200FA6671 /* README.md */ = {isa = PBXFileReference; lastKnownFileType = net.daringfireball.markdown; path = README.md; sourceTree = "<group>"; };
/* End PBXFileReference section */

/* Begin PBXFrameworksBuildPhase section */
		1D5DA1F229D291E7007E07A4 /* Frameworks */ = {
			isa = PBXFrameworksBuildPhase;
			buildActionMask = 2147483647;
			files = (
			);
			runOnlyForDeploymentPostprocessing = 0;
		};
/* End PBXFrameworksBuildPhase section */

/* Begin PBXGroup section */
		1D38EF2829D350FF00BA9BAA /* Views */ = {
			isa = PBXGroup;
			children = (
				1D38EF2629D3505600BA9BAA /* FloatingButton.swift */,
				1D5DA1FF29D291E7007E07A4 /* TaskListView.swift */,
				1D38EF2929D3511C00BA9BAA /* TaskEditView.swift */,
				1D7CCB9729D3EFF900C21C47 /* TaskCell.swift */,
				1D7CCB9929D3F1D400C21C47 /* CheckBoxView.swift */,
			);
			path = Views;
			sourceTree = "<group>";
		};
		1D5DA1EC29D291E7007E07A4 = {
			isa = PBXGroup;
			children = (
				1D5DA1F729D291E7007E07A4 /* PrayerBuddy */,
				1D5DA1F629D291E7007E07A4 /* Products */,
			);
			sourceTree = "<group>";
		};
		1D5DA1F629D291E7007E07A4 /* Products */ = {
			isa = PBXGroup;
			children = (
				1D5DA1F529D291E7007E07A4 /* PrayerBuddy.app */,
			);
			name = Products;
			sourceTree = "<group>";
		};
		1D5DA1F729D291E7007E07A4 /* PrayerBuddy */ = {
			isa = PBXGroup;
			children = (
				1DE2490129D90FB200FA6671 /* README.md */,
				1D7CCB9B29D3F32000C21C47 /* Model */,
				1D5DA1F829D291E7007E07A4 /* PrayerBuddyApp.swift */,
				1D38EF2829D350FF00BA9BAA /* Views */,
				1D5DA20129D291E8007E07A4 /* Assets.xcassets */,
				1D5DA20329D291E8007E07A4 /* PrayerBuddy.entitlements */,
				1D5DA1FC29D291E7007E07A4 /* PrayerBuddy.xcdatamodeld */,
				1D5DA20429D291E8007E07A4 /* Preview Content */,
				1D3572E929D364C6005A52CD /* DateHolder.swift */,
			);
			path = PrayerBuddy;
			sourceTree = "<group>";
		};
		1D5DA20429D291E8007E07A4 /* Preview Content */ = {
			isa = PBXGroup;
			children = (
				1D5DA20529D291E8007E07A4 /* Preview Assets.xcassets */,
			);
			path = "Preview Content";
			sourceTree = "<group>";
		};
		1D7CCB9B29D3F32000C21C47 /* Model */ = {
			isa = PBXGroup;
			children = (
				1D5DA1FA29D291E7007E07A4 /* Persistence.swift */,
				1D7CCB9C29D3F36700C21C47 /* TaskItemExtension.swift */,
			);
			path = Model;
			sourceTree = "<group>";
		};
/* End PBXGroup section */

/* Begin PBXNativeTarget section */
		1D5DA1F429D291E7007E07A4 /* PrayerBuddy */ = {
			isa = PBXNativeTarget;
			buildConfigurationList = 1D5DA20929D291E8007E07A4 /* Build configuration list for PBXNativeTarget "PrayerBuddy" */;
			buildPhases = (
				1D5DA1F129D291E7007E07A4 /* Sources */,
				1D5DA1F229D291E7007E07A4 /* Frameworks */,
				1D5DA1F329D291E7007E07A4 /* Resources */,
			);
			buildRules = (
			);
			dependencies = (
			);
			name = PrayerBuddy;
			productName = PrayerBuddy;
			productReference = 1D5DA1F529D291E7007E07A4 /* PrayerBuddy.app */;
			productType = "com.apple.product-type.application";
		};
/* End PBXNativeTarget section */

/* Begin PBXProject section */
		1D5DA1ED29D291E7007E07A4 /* Project object */ = {
			isa = PBXProject;
			attributes = {
				BuildIndependentTargetsInParallel = 1;
				LastSwiftUpdateCheck = 1420;
				LastUpgradeCheck = 1420;
				TargetAttributes = {
					1D5DA1F429D291E7007E07A4 = {
						CreatedOnToolsVersion = 14.2;
					};
				};
			};
			buildConfigurationList = 1D5DA1F029D291E7007E07A4 /* Build configuration list for PBXProject "PrayerBuddy" */;
			compatibilityVersion = "Xcode 14.0";
			developmentRegion = en;
			hasScannedForEncodings = 0;
			knownRegions = (
				en,
				Base,
			);
			mainGroup = 1D5DA1EC29D291E7007E07A4;
			productRefGroup = 1D5DA1F629D291E7007E07A4 /* Products */;
			projectDirPath = "";
			projectRoot = "";
			targets = (
				1D5DA1F429D291E7007E07A4 /* PrayerBuddy */,
			);
		};
/* End PBXProject section */

/* Begin PBXResourcesBuildPhase section */
		1D5DA1F329D291E7007E07A4 /* Resources */ = {
			isa = PBXResourcesBuildPhase;
			buildActionMask = 2147483647;
			files = (
				1D5DA20629D291E8007E07A4 /* Preview Assets.xcassets in Resources */,
				1D5DA20229D291E8007E07A4 /* Assets.xcassets in Resources */,
			);
			runOnlyForDeploymentPostprocessing = 0;
		};
/* End PBXResourcesBuildPhase section */

/* Begin PBXSourcesBuildPhase section */
		1D5DA1F129D291E7007E07A4 /* Sources */ = {
			isa = PBXSourcesBuildPhase;
			buildActionMask = 2147483647;
			files = (
				1D3572EA29D364C6005A52CD /* DateHolder.swift in Sources */,
				1D7CCB9D29D3F36700C21C47 /* TaskItemExtension.swift in Sources */,
				1D5DA1FE29D291E7007E07A4 /* PrayerBuddy.xcdatamodeld in Sources */,
				1D5DA1F929D291E7007E07A4 /* PrayerBuddyApp.swift in Sources */,
				1D38EF2729D3505600BA9BAA /* FloatingButton.swift in Sources */,
				1D7CCB9A29D3F1D400C21C47 /* CheckBoxView.swift in Sources */,
				1D7CCB9829D3EFF900C21C47 /* TaskCell.swift in Sources */,
				1D38EF2A29D3511C00BA9BAA /* TaskEditView.swift in Sources */,
				1D5DA20029D291E7007E07A4 /* TaskListView.swift in Sources */,
				1D5DA1FB29D291E7007E07A4 /* Persistence.swift in Sources */,
			);
			runOnlyForDeploymentPostprocessing = 0;
		};
/* End PBXSourcesBuildPhase section */

/* Begin XCBuildConfiguration section */
		1D5DA20729D291E8007E07A4 /* Debug */ = {
			isa = XCBuildConfiguration;
			buildSettings = {
				ALWAYS_SEARCH_USER_PATHS = NO;
				CLANG_ANALYZER_NONNULL = YES;
				CLANG_ANALYZER_NUMBER_OBJECT_CONVERSION = YES_AGGRESSIVE;
				CLANG_CXX_LANGUAGE_STANDARD = "gnu++20";
				CLANG_ENABLE_MODULES = YES;
				CLANG_ENABLE_OBJC_ARC = YES;
				CLANG_ENABLE_OBJC_WEAK = YES;
				CLANG_WARN_BLOCK_CAPTURE_AUTORELEASING = YES;
				CLANG_WARN_BOOL_CONVERSION = YES;
				CLANG_WARN_COMMA = YES;
				CLANG_WARN_CONSTANT_CONVERSION = YES;
				CLANG_WARN_DEPRECATED_OBJC_IMPLEMENTATIONS = YES;
				CLANG_WARN_DIRECT_OBJC_ISA_USAGE = YES_ERROR;
				CLANG_WARN_DOCUMENTATION_COMMENTS = YES;
				CLANG_WARN_EMPTY_BODY = YES;
				CLANG_WARN_ENUM_CONVERSION = YES;
				CLANG_WARN_INFINITE_RECURSION = YES;
				CLANG_WARN_INT_CONVERSION = YES;
				CLANG_WARN_NON_LITERAL_NULL_CONVERSION = YES;
				CLANG_WARN_OBJC_IMPLICIT_RETAIN_SELF = YES;
				CLANG_WARN_OBJC_LITERAL_CONVERSION = YES;
				CLANG_WARN_OBJC_ROOT_CLASS = YES_ERROR;
				CLANG_WARN_QUOTED_INCLUDE_IN_FRAMEWORK_HEADER = YES;
				CLANG_WARN_RANGE_LOOP_ANALYSIS = YES;
				CLANG_WARN_STRICT_PROTOTYPES = YES;
				CLANG_WARN_SUSPICIOUS_MOVE = YES;
				CLANG_WARN_UNGUARDED_AVAILABILITY = YES_AGGRESSIVE;
				CLANG_WARN_UNREACHABLE_CODE = YES;
				CLANG_WARN__DUPLICATE_METHOD_MATCH = YES;
				COPY_PHASE_STRIP = NO;
				DEBUG_INFORMATION_FORMAT = dwarf;
				ENABLE_STRICT_OBJC_MSGSEND = YES;
				ENABLE_TESTABILITY = YES;
				GCC_C_LANGUAGE_STANDARD = gnu11;
				GCC_DYNAMIC_NO_PIC = NO;
				GCC_NO_COMMON_BLOCKS = YES;
				GCC_OPTIMIZATION_LEVEL = 0;
				GCC_PREPROCESSOR_DEFINITIONS = (
					"DEBUG=1",
					"$(inherited)",
				);
				GCC_WARN_64_TO_32_BIT_CONVERSION = YES;
				GCC_WARN_ABOUT_RETURN_TYPE = YES_ERROR;
				GCC_WARN_UNDECLARED_SELECTOR = YES;
				GCC_WARN_UNINITIALIZED_AUTOS = YES_AGGRESSIVE;
				GCC_WARN_UNUSED_FUNCTION = YES;
				GCC_WARN_UNUSED_VARIABLE = YES;
				MTL_ENABLE_DEBUG_INFO = INCLUDE_SOURCE;
				MTL_FAST_MATH = YES;
				ONLY_ACTIVE_ARCH = YES;
				SWIFT_ACTIVE_COMPILATION_CONDITIONS = DEBUG;
				SWIFT_OPTIMIZATION_LEVEL = "-Onone";
			};
			name = Debug;
		};
		1D5DA20829D291E8007E07A4 /* Release */ = {
			isa = XCBuildConfiguration;
			buildSettings = {
				ALWAYS_SEARCH_USER_PATHS = NO;
				CLANG_ANALYZER_NONNULL = YES;
				CLANG_ANALYZER_NUMBER_OBJECT_CONVERSION = YES_AGGRESSIVE;
				CLANG_CXX_LANGUAGE_STANDARD = "gnu++20";
				CLANG_ENABLE_MODULES = YES;
				CLANG_ENABLE_OBJC_ARC = YES;
				CLANG_ENABLE_OBJC_WEAK = YES;
				CLANG_WARN_BLOCK_CAPTURE_AUTORELEASING = YES;
				CLANG_WARN_BOOL_CONVERSION = YES;
				CLANG_WARN_COMMA = YES;
				CLANG_WARN_CONSTANT_CONVERSION = YES;
				CLANG_WARN_DEPRECATED_OBJC_IMPLEMENTATIONS = YES;
				CLANG_WARN_DIRECT_OBJC_ISA_USAGE = YES_ERROR;
				CLANG_WARN_DOCUMENTATION_COMMENTS = YES;
				CLANG_WARN_EMPTY_BODY = YES;
				CLANG_WARN_ENUM_CONVERSION = YES;
				CLANG_WARN_INFINITE_RECURSION = YES;
				CLANG_WARN_INT_CONVERSION = YES;
				CLANG_WARN_NON_LITERAL_NULL_CONVERSION = YES;
				CLANG_WARN_OBJC_IMPLICIT_RETAIN_SELF = YES;
				CLANG_WARN_OBJC_LITERAL_CONVERSION = YES;
				CLANG_WARN_OBJC_ROOT_CLASS = YES_ERROR;
				CLANG_WARN_QUOTED_INCLUDE_IN_FRAMEWORK_HEADER = YES;
				CLANG_WARN_RANGE_LOOP_ANALYSIS = YES;
				CLANG_WARN_STRICT_PROTOTYPES = YES;
				CLANG_WARN_SUSPICIOUS_MOVE = YES;
				CLANG_WARN_UNGUARDED_AVAILABILITY = YES_AGGRESSIVE;
				CLANG_WARN_UNREACHABLE_CODE = YES;
				CLANG_WARN__DUPLICATE_METHOD_MATCH = YES;
				COPY_PHASE_STRIP = NO;
				DEBUG_INFORMATION_FORMAT = "dwarf-with-dsym";
				ENABLE_NS_ASSERTIONS = NO;
				ENABLE_STRICT_OBJC_MSGSEND = YES;
				GCC_C_LANGUAGE_STANDARD = gnu11;
				GCC_NO_COMMON_BLOCKS = YES;
				GCC_WARN_64_TO_32_BIT_CONVERSION = YES;
				GCC_WARN_ABOUT_RETURN_TYPE = YES_ERROR;
				GCC_WARN_UNDECLARED_SELECTOR = YES;
				GCC_WARN_UNINITIALIZED_AUTOS = YES_AGGRESSIVE;
				GCC_WARN_UNUSED_FUNCTION = YES;
				GCC_WARN_UNUSED_VARIABLE = YES;
				MTL_ENABLE_DEBUG_INFO = NO;
				MTL_FAST_MATH = YES;
				SWIFT_COMPILATION_MODE = wholemodule;
				SWIFT_OPTIMIZATION_LEVEL = "-O";
			};
			name = Release;
		};
		1D5DA20A29D291E8007E07A4 /* Debug */ = {
			isa = XCBuildConfiguration;
			buildSettings = {
				ASSETCATALOG_COMPILER_APPICON_NAME = AppIcon;
				ASSETCATALOG_COMPILER_GLOBAL_ACCENT_COLOR_NAME = AccentColor;
				CODE_SIGN_ENTITLEMENTS = PrayerBuddy/PrayerBuddy.entitlements;
				CODE_SIGN_STYLE = Automatic;
				CURRENT_PROJECT_VERSION = 1;
				DEVELOPMENT_ASSET_PATHS = "\"PrayerBuddy/Preview Content\"";
				ENABLE_PREVIEWS = YES;
				GENERATE_INFOPLIST_FILE = YES;
				"INFOPLIST_KEY_UIApplicationSceneManifest_Generation[sdk=iphoneos*]" = YES;
				"INFOPLIST_KEY_UIApplicationSceneManifest_Generation[sdk=iphonesimulator*]" = YES;
				"INFOPLIST_KEY_UIApplicationSupportsIndirectInputEvents[sdk=iphoneos*]" = YES;
				"INFOPLIST_KEY_UIApplicationSupportsIndirectInputEvents[sdk=iphonesimulator*]" = YES;
				"INFOPLIST_KEY_UILaunchScreen_Generation[sdk=iphoneos*]" = YES;
				"INFOPLIST_KEY_UILaunchScreen_Generation[sdk=iphonesimulator*]" = YES;
				"INFOPLIST_KEY_UIStatusBarStyle[sdk=iphoneos*]" = UIStatusBarStyleDefault;
				"INFOPLIST_KEY_UIStatusBarStyle[sdk=iphonesimulator*]" = UIStatusBarStyleDefault;
				INFOPLIST_KEY_UISupportedInterfaceOrientations_iPad = "UIInterfaceOrientationPortrait UIInterfaceOrientationPortraitUpsideDown UIInterfaceOrientationLandscapeLeft UIInterfaceOrientationLandscapeRight";
				INFOPLIST_KEY_UISupportedInterfaceOrientations_iPhone = "UIInterfaceOrientationPortrait UIInterfaceOrientationLandscapeLeft UIInterfaceOrientationLandscapeRight";
				IPHONEOS_DEPLOYMENT_TARGET = 16.2;
				LD_RUNPATH_SEARCH_PATHS = "@executable_path/Frameworks";
				"LD_RUNPATH_SEARCH_PATHS[sdk=macosx*]" = "@executable_path/../Frameworks";
				MACOSX_DEPLOYMENT_TARGET = 13.1;
				MARKETING_VERSION = 1.0;
				PRODUCT_BUNDLE_IDENTIFIER = test.PrayerBuddy;
				PRODUCT_NAME = "$(TARGET_NAME)";
				SDKROOT = auto;
				SUPPORTED_PLATFORMS = "iphoneos iphonesimulator macosx";
				SWIFT_EMIT_LOC_STRINGS = YES;
				SWIFT_VERSION = 5.0;
				TARGETED_DEVICE_FAMILY = "1,2";
			};
			name = Debug;
		};
		1D5DA20B29D291E8007E07A4 /* Release */ = {
			isa = XCBuildConfiguration;
			buildSettings = {
				ASSETCATALOG_COMPILER_APPICON_NAME = AppIcon;
				ASSETCATALOG_COMPILER_GLOBAL_ACCENT_COLOR_NAME = AccentColor;
				CODE_SIGN_ENTITLEMENTS = PrayerBuddy/PrayerBuddy.entitlements;
				CODE_SIGN_STYLE = Automatic;
				CURRENT_PROJECT_VERSION = 1;
				DEVELOPMENT_ASSET_PATHS = "\"PrayerBuddy/Preview Content\"";
				ENABLE_PREVIEWS = YES;
				GENERATE_INFOPLIST_FILE = YES;
				"INFOPLIST_KEY_UIApplicationSceneManifest_Generation[sdk=iphoneos*]" = YES;
				"INFOPLIST_KEY_UIApplicationSceneManifest_Generation[sdk=iphonesimulator*]" = YES;
				"INFOPLIST_KEY_UIApplicationSupportsIndirectInputEvents[sdk=iphoneos*]" = YES;
				"INFOPLIST_KEY_UIApplicationSupportsIndirectInputEvents[sdk=iphonesimulator*]" = YES;
				"INFOPLIST_KEY_UILaunchScreen_Generation[sdk=iphoneos*]" = YES;
				"INFOPLIST_KEY_UILaunchScreen_Generation[sdk=iphonesimulator*]" = YES;
				"INFOPLIST_KEY_UIStatusBarStyle[sdk=iphoneos*]" = UIStatusBarStyleDefault;
				"INFOPLIST_KEY_UIStatusBarStyle[sdk=iphonesimulator*]" = UIStatusBarStyleDefault;
				INFOPLIST_KEY_UISupportedInterfaceOrientations_iPad = "UIInterfaceOrientationPortrait UIInterfaceOrientationPortraitUpsideDown UIInterfaceOrientationLandscapeLeft UIInterfaceOrientationLandscapeRight";
				INFOPLIST_KEY_UISupportedInterfaceOrientations_iPhone = "UIInterfaceOrientationPortrait UIInterfaceOrientationLandscapeLeft UIInterfaceOrientationLandscapeRight";
				IPHONEOS_DEPLOYMENT_TARGET = 16.2;
				LD_RUNPATH_SEARCH_PATHS = "@executable_path/Frameworks";
				"LD_RUNPATH_SEARCH_PATHS[sdk=macosx*]" = "@executable_path/../Frameworks";
				MACOSX_DEPLOYMENT_TARGET = 13.1;
				MARKETING_VERSION = 1.0;
				PRODUCT_BUNDLE_IDENTIFIER = test.PrayerBuddy;
				PRODUCT_NAME = "$(TARGET_NAME)";
				SDKROOT = auto;
				SUPPORTED_PLATFORMS = "iphoneos iphonesimulator macosx";
				SWIFT_EMIT_LOC_STRINGS = YES;
				SWIFT_VERSION = 5.0;
				TARGETED_DEVICE_FAMILY = "1,2";
			};
			name = Release;
		};
/* End XCBuildConfiguration section */

/* Begin XCConfigurationList section */
		1D5DA1F029D291E7007E07A4 /* Build configuration list for PBXProject "PrayerBuddy" */ = {
			isa = XCConfigurationList;
			buildConfigurations = (
				1D5DA20729D291E8007E07A4 /* Debug */,
				1D5DA20829D291E8007E07A4 /* Release */,
			);
			defaultConfigurationIsVisible = 0;
			defaultConfigurationName = Release;
		};
		1D5DA20929D291E8007E07A4 /* Build configuration list for PBXNativeTarget "PrayerBuddy" */ = {
			isa = XCConfigurationList;
			buildConfigurations = (
				1D5DA20A29D291E8007E07A4 /* Debug */,
				1D5DA20B29D291E8007E07A4 /* Release */,
			);
			defaultConfigurationIsVisible = 0;
			defaultConfigurationName = Release;
		};
/* End XCConfigurationList section */

/* Begin XCVersionGroup section */
		1D5DA1FC29D291E7007E07A4 /* PrayerBuddy.xcdatamodeld */ = {
			isa = XCVersionGroup;
			children = (
				1D5DA1FD29D291E7007E07A4 /* PrayerBuddy.xcdatamodel */,
			);
			currentVersion = 1D5DA1FD29D291E7007E07A4 /* PrayerBuddy.xcdatamodel */;
			path = PrayerBuddy.xcdatamodeld;
			sourceTree = "<group>";
			versionGroupType = wrapper.xcdatamodel;
		};
/* End XCVersionGroup section */
	};
	rootObject = 1D5DA1ED29D291E7007E07A4 /* Project object */;
}
